
Microsoft Visual Studio Solution File, Format Version 12.00
# Visual Studio Version 16
VisualStudioVersion = 16.0.32901.82
MinimumVisualStudioVersion = 10.0.40219.1
Project("{9A19103F-16F7-4668-BE54-9A1E7A4F7556}") = "OnlineLibrary", "OnlineLibrary\OnlineLibrary.csproj", "{AC4CEB29-9F2E-4F1B-867B-70CC9686E0C7}"
EndProject
Global
	GlobalSection(SolutionConfigurationPlatforms) = preSolution
		Debug|Any CPU = Debug|Any CPU
		Release|Any CPU = Release|Any CPU
	EndGlobalSection
	GlobalSection(ProjectConfigurationPlatforms) = postSolution
		{AC4CEB29-9F2E-4F1B-867B-70CC9686E0C7}.Debug|Any CPU.ActiveCfg = Debug|Any CPU
		{AC4CEB29-9F2E-4F1B-867B-70CC9686E0C7}.Debug|Any CPU.Build.0 = Debug|Any CPU
		{AC4CEB29-9F2E-4F1B-867B-70CC9686E0C7}.Release|Any CPU.ActiveCfg = Release|Any CPU
		{AC4CEB29-9F2E-4F1B-867B-70CC9686E0C7}.Release|Any CPU.Build.0 = Release|Any CPU
	EndGlobalSection
	GlobalSection(SolutionProperties) = preSolution
		HideSolutionNode = FALSE
	EndGlobalSection
	GlobalSection(ExtensibilityGlobals) = postSolution
		SolutionGuid = {743A6379-C52F-494A-84FD-6A4EF2018034}
	EndGlobalSection
EndGlobal
